
Microsoft Visual Studio Solution File, Format Version 12.00
# Visual Studio Version 17
VisualStudioVersion = 17.0.32126.317
MinimumVisualStudioVersion = 10.0.40219.1
Project("{9A19103F-16F7-4668-BE54-9A1E7A4F7556}") = "WebApi", "WebApi\WebApi.csproj", "{2E06DBAF-D94F-43A5-B92E-A92552E97DA8}"
EndProject
Project("{9A19103F-16F7-4668-BE54-9A1E7A4F7556}") = "Application", "Application\Application.csproj", "{2FDE999A-CBB6-42B1-947A-F9323E5DE1EB}"
EndProject
Project("{9A19103F-16F7-4668-BE54-9A1E7A4F7556}") = "Domain", "Domain\Domain.csproj", "{A8BE550B-0CEA-463F-8336-28B298C1C754}"
EndProject
Project("{9A19103F-16F7-4668-BE54-9A1E7A4F7556}") = "Infrastructure", "Infrastructure\Infrastructure.csproj", "{2BD57BF2-D860-43C9-BD47-9746033170F2}"
EndProject
Project("{2150E333-8FDC-42A3-9474-1A3956D46DE8}") = "Tests", "Tests", "{3349149B-1167-4883-A89A-F2AA4596068A}"
EndProject
Project("{FAE04EC0-301F-11D3-BF4B-00C04F79EFBC}") = "UnitTest", "UnitTest\UnitTest.csproj", "{17F2ADA2-C7CF-4BD6-B7DF-C4333F7AC077}"
EndProject
Global
	GlobalSection(SolutionConfigurationPlatforms) = preSolution
		Debug|Any CPU = Debug|Any CPU
		Release|Any CPU = Release|Any CPU
	EndGlobalSection
	GlobalSection(ProjectConfigurationPlatforms) = postSolution
		{2E06DBAF-D94F-43A5-B92E-A92552E97DA8}.Debug|Any CPU.ActiveCfg = Debug|Any CPU
		{2E06DBAF-D94F-43A5-B92E-A92552E97DA8}.Debug|Any CPU.Build.0 = Debug|Any CPU
		{2E06DBAF-D94F-43A5-B92E-A92552E97DA8}.Release|Any CPU.ActiveCfg = Release|Any CPU
		{2E06DBAF-D94F-43A5-B92E-A92552E97DA8}.Release|Any CPU.Build.0 = Release|Any CPU
		{2FDE999A-CBB6-42B1-947A-F9323E5DE1EB}.Debug|Any CPU.ActiveCfg = Debug|Any CPU
		{2FDE999A-CBB6-42B1-947A-F9323E5DE1EB}.Debug|Any CPU.Build.0 = Debug|Any CPU
		{2FDE999A-CBB6-42B1-947A-F9323E5DE1EB}.Release|Any CPU.ActiveCfg = Release|Any CPU
		{2FDE999A-CBB6-42B1-947A-F9323E5DE1EB}.Release|Any CPU.Build.0 = Release|Any CPU
		{A8BE550B-0CEA-463F-8336-28B298C1C754}.Debug|Any CPU.ActiveCfg = Debug|Any CPU
		{A8BE550B-0CEA-463F-8336-28B298C1C754}.Debug|Any CPU.Build.0 = Debug|Any CPU
		{A8BE550B-0CEA-463F-8336-28B298C1C754}.Release|Any CPU.ActiveCfg = Release|Any CPU
		{A8BE550B-0CEA-463F-8336-28B298C1C754}.Release|Any CPU.Build.0 = Release|Any CPU
		{2BD57BF2-D860-43C9-BD47-9746033170F2}.Debug|Any CPU.ActiveCfg = Debug|Any CPU
		{2BD57BF2-D860-43C9-BD47-9746033170F2}.Debug|Any CPU.Build.0 = Debug|Any CPU
		{2BD57BF2-D860-43C9-BD47-9746033170F2}.Release|Any CPU.ActiveCfg = Release|Any CPU
		{2BD57BF2-D860-43C9-BD47-9746033170F2}.Release|Any CPU.Build.0 = Release|Any CPU
		{17F2ADA2-C7CF-4BD6-B7DF-C4333F7AC077}.Debug|Any CPU.ActiveCfg = Debug|Any CPU
		{17F2ADA2-C7CF-4BD6-B7DF-C4333F7AC077}.Debug|Any CPU.Build.0 = Debug|Any CPU
		{17F2ADA2-C7CF-4BD6-B7DF-C4333F7AC077}.Release|Any CPU.ActiveCfg = Release|Any CPU
		{17F2ADA2-C7CF-4BD6-B7DF-C4333F7AC077}.Release|Any CPU.Build.0 = Release|Any CPU
	EndGlobalSection
	GlobalSection(SolutionProperties) = preSolution
		HideSolutionNode = FALSE
	EndGlobalSection
	GlobalSection(NestedProjects) = preSolution
		{17F2ADA2-C7CF-4BD6-B7DF-C4333F7AC077} = {3349149B-1167-4883-A89A-F2AA4596068A}
	EndGlobalSection
	GlobalSection(ExtensibilityGlobals) = postSolution
		SolutionGuid = {6367B5E9-A954-46DA-BA09-4DFCFF8BDD06}
	EndGlobalSection
EndGlobal
